
Microsoft Visual Studio Solution File, Format Version 12.00
# Visual Studio Version 16
VisualStudioVersion = 16.0.31424.327
MinimumVisualStudioVersion = 10.0.40219.1
Project("{151D2E53-A2C4-4D7D-83FE-D05416EBD58E}") = "TMP_Cerner_Integration", "TMP_Cerner_Integration.deployproj", "{167992E8-4C31-4571-8285-B1B644DEED65}"
EndProject
Global
	GlobalSection(SolutionConfigurationPlatforms) = preSolution
		Debug|Any CPU = Debug|Any CPU
		Release|Any CPU = Release|Any CPU
	EndGlobalSection
	GlobalSection(ProjectConfigurationPlatforms) = postSolution
		{167992E8-4C31-4571-8285-B1B644DEED65}.Debug|Any CPU.ActiveCfg = Debug|Any CPU
		{167992E8-4C31-4571-8285-B1B644DEED65}.Debug|Any CPU.Build.0 = Debug|Any CPU
		{167992E8-4C31-4571-8285-B1B644DEED65}.Release|Any CPU.ActiveCfg = Release|Any CPU
		{167992E8-4C31-4571-8285-B1B644DEED65}.Release|Any CPU.Build.0 = Release|Any CPU
	EndGlobalSection
	GlobalSection(SolutionProperties) = preSolution
		HideSolutionNode = FALSE
	EndGlobalSection
	GlobalSection(ExtensibilityGlobals) = postSolution
		SolutionGuid = {B8FA9EE8-C923-489D-B7BA-8851BEEA917E}
	EndGlobalSection
EndGlobal
