
Microsoft Visual Studio Solution File, Format Version 12.00
# Visual Studio Version 16
VisualStudioVersion = 16.0.32228.343
MinimumVisualStudioVersion = 10.0.40219.1
Project("{2150E333-8FDC-42A3-9474-1A3956D46DE8}") = "Plugins", "Plugins", "{B3B05756-04E0-4A36-9505-85831F078AE7}"
EndProject
Project("{2150E333-8FDC-42A3-9474-1A3956D46DE8}") = "Integration Services", "Integration Services", "{A710C38A-85FD-407F-AFF1-1E4F2C80F3BB}"
EndProject
Project("{2150E333-8FDC-42A3-9474-1A3956D46DE8}") = "Unit Tests", "Unit Tests", "{FBA85598-50C6-4733-A7E1-9F159A46063C}"
EndProject
Project("{2150E333-8FDC-42A3-9474-1A3956D46DE8}") = "EC", "EC", "{AB6DD196-45F2-406C-B53E-F0C5B08E088F}"
EndProject
Project("{2150E333-8FDC-42A3-9474-1A3956D46DE8}") = "HealthShare", "HealthShare", "{4B6E2344-4B41-48B9-A3E8-9F5CE3145626}"
EndProject
Project("{2150E333-8FDC-42A3-9474-1A3956D46DE8}") = "Json Web Token", "Json Web Token", "{15A43A50-D9E9-4DE8-815E-9C5CAB305F0A}"
EndProject
Project("{2150E333-8FDC-42A3-9474-1A3956D46DE8}") = "Video Visit", "Video Visit", "{3DA24D03-079F-4C32-888E-CC39993DF80D}"
EndProject
Project("{2150E333-8FDC-42A3-9474-1A3956D46DE8}") = "Virtual Meeting Room", "Virtual Meeting Room", "{7AE8EB0A-CF1A-4650-84AE-62A7D1177810}"
EndProject
Project("{2150E333-8FDC-42A3-9474-1A3956D46DE8}") = "CRM", "CRM", "{93C85FF7-4B89-4827-B2D1-31E149A62463}"
EndProject
Project("{2150E333-8FDC-42A3-9474-1A3956D46DE8}") = "Integrations", "Integrations", "{ED6D8928-AE5A-4299-BB21-46FF712583F8}"
EndProject
Project("{2150E333-8FDC-42A3-9474-1A3956D46DE8}") = "EC", "EC", "{A0D71C31-621B-418A-BAD2-929F5EAFD579}"
EndProject
Project("{2150E333-8FDC-42A3-9474-1A3956D46DE8}") = "Plugins", "Plugins", "{F6068785-37EE-43AE-B8C1-C587CD069F14}"
EndProject
Project("{2150E333-8FDC-42A3-9474-1A3956D46DE8}") = "CRM", "CRM", "{4A49F8CE-A27D-46C0-8AE6-C2B4EA7EF90D}"
EndProject
Project("{2150E333-8FDC-42A3-9474-1A3956D46DE8}") = "Integrations", "Integrations", "{7E3FA4AA-F11E-4B1D-84CE-BBC3F70863F4}"
EndProject
Project("{2150E333-8FDC-42A3-9474-1A3956D46DE8}") = "Solution Items", "Solution Items", "{826FA4DF-C8AB-46A8-998C-16465C9DCCE8}"
	ProjectSection(SolutionItems) = preProject
		Shared\BaseUnitTest.cs = Shared\BaseUnitTest.cs
	EndProjectSection
EndProject
Project("{FAE04EC0-301F-11D3-BF4B-00C04F79EFBC}") = "Ec.HealthShare", "..\..\Integration\EC\HealthShare\Ec.HealthShare\Ec.HealthShare.csproj", "{72556582-9F23-48A2-B35A-42F7C1811585}"
EndProject
Project("{FAE04EC0-301F-11D3-BF4B-00C04F79EFBC}") = "Ec.HealthShare.Api", "..\..\Integration\EC\HealthShare\Ec.HealthShare.Api\Ec.HealthShare.Api.csproj", "{2EFE617C-E87C-4779-9078-BC8348891733}"
EndProject
Project("{FAE04EC0-301F-11D3-BF4B-00C04F79EFBC}") = "Ec.HealthShare.Messages", "..\..\Integration\EC\HealthShare\Ec.HealthShare.Messages\Ec.HealthShare.Messages.csproj", "{42A0D17A-2D32-4D43-A9B7-32B741A94258}"
EndProject
Project("{FAE04EC0-301F-11D3-BF4B-00C04F79EFBC}") = "Ec.HealthShare.Services", "..\..\Integration\EC\HealthShare\Ec.HealthShare.Services\Ec.HealthShare.Services.csproj", "{F382758F-687C-4FB3-A063-A2EDE4398CB4}"
EndProject
Project("{FAE04EC0-301F-11D3-BF4B-00C04F79EFBC}") = "Ec.JsonWebToken", "..\..\Integration\EC\Json Web Token\Ec.JsonWebToken\Ec.JsonWebToken.csproj", "{22050143-6BF2-485C-A875-B7A92D4D73CD}"
EndProject
Project("{FAE04EC0-301F-11D3-BF4B-00C04F79EFBC}") = "Ec.JsonWebToken.Messages", "..\..\Integration\EC\Json Web Token\Ec.JsonWebToken.Messages\Ec.JsonWebToken.Messages.csproj", "{6B0812F9-EB95-4068-8827-E00564F891B3}"
EndProject
Project("{FAE04EC0-301F-11D3-BF4B-00C04F79EFBC}") = "Ec.JsonWebToken.Services", "..\..\Integration\EC\Json Web Token\Ec.JsonWebToken.Services\Ec.JsonWebToken.Services.csproj", "{D08FDF9C-0C77-4896-898C-7FFBBAFAA57E}"
EndProject
Project("{FAE04EC0-301F-11D3-BF4B-00C04F79EFBC}") = "Ec.Jwt.Api", "..\..\Integration\EC\Json Web Token\Ec.Jwt.Api\Ec.Jwt.Api.csproj", "{77B89ADC-DA7F-4A51-BC16-5336B2AD29C7}"
EndProject
Project("{FAE04EC0-301F-11D3-BF4B-00C04F79EFBC}") = "Ec.VideoVisit", "..\..\Integration\EC\Video Visit\Ec.VideoVisit\Ec.VideoVisit.csproj", "{234AE3D1-B510-4793-A8BF-87F4038F6207}"
EndProject
Project("{FAE04EC0-301F-11D3-BF4B-00C04F79EFBC}") = "Ec.VideoVisit.Api", "..\..\Integration\EC\Video Visit\Ec.VideoVisit.Api\Ec.VideoVisit.Api.csproj", "{1C00238B-D1AE-4F61-B0B8-D8C8C5974EAC}"
EndProject
Project("{FAE04EC0-301F-11D3-BF4B-00C04F79EFBC}") = "Ec.VideoVisit.Messages", "..\..\Integration\EC\Video Visit\Ec.VideoVisit.Messages\Ec.VideoVisit.Messages.csproj", "{CA96678E-9370-4445-9154-6CA4349C42F1}"
EndProject
Project("{FAE04EC0-301F-11D3-BF4B-00C04F79EFBC}") = "Ec.VideoVisit.Services", "..\..\Integration\EC\Video Visit\Ec.VideoVisit.Services\Ec.VideoVisit.Services.csproj", "{02A3DD27-B9A7-480E-B087-004DCB4FCF4E}"
EndProject
Project("{FAE04EC0-301F-11D3-BF4B-00C04F79EFBC}") = "Ec.VirtualMeetingRoom", "..\..\Integration\EC\Virtual Meeting Room\Ec.VirtualMeetingRoom\Ec.VirtualMeetingRoom.csproj", "{BF1DBA6F-9585-446A-8DAD-2759A2BEE166}"
EndProject
Project("{FAE04EC0-301F-11D3-BF4B-00C04F79EFBC}") = "Ec.VirtualMeetingRoom.Messages", "..\..\Integration\EC\Virtual Meeting Room\Ec.VirtualMeetingRoom.Messages\Ec.VirtualMeetingRoom.Messages.csproj", "{34B5D573-4F84-48CF-86FD-AB49D701EF95}"
EndProject
Project("{FAE04EC0-301F-11D3-BF4B-00C04F79EFBC}") = "Ec.VirtualMeetingRoom.Services", "..\..\Integration\EC\Virtual Meeting Room\Ec.VirtualMeetingRoom.Services\Ec.VirtualMeetingRoom.Services.csproj", "{43FFB4DF-BE94-47CC-B292-84043FF16BCD}"
EndProject
Project("{FAE04EC0-301F-11D3-BF4B-00C04F79EFBC}") = "Ec.Vmr.Api", "..\..\Integration\EC\Virtual Meeting Room\Ec.Vmr.Api\Ec.Vmr.Api.csproj", "{B014CF6E-6C00-4952-B894-3CB36DE9357F}"
EndProject
Project("{FAE04EC0-301F-11D3-BF4B-00C04F79EFBC}") = "TMPPlugins", "..\..\CRM\Plugins\VA.TMP.CRM.PluginsV2\TMPPlugins.csproj", "{2C2014E6-C960-457C-BC18-B676DC43A5CB}"
EndProject
Project("{FAE04EC0-301F-11D3-BF4B-00C04F79EFBC}") = "VA.TMP.Integration.Plugins", "..\..\Integration\VA.TMP.Integration.PluginsV2\VA.TMP.Integration.Plugins.csproj", "{4BBC4D9F-1DC1-4671-AE32-793735D9798A}"
EndProject
Project("{2150E333-8FDC-42A3-9474-1A3956D46DE8}") = "HealthShare", "HealthShare", "{905ED867-785A-4073-9AB6-3418CE35BEAD}"
EndProject
Project("{2150E333-8FDC-42A3-9474-1A3956D46DE8}") = "Json Web Token", "Json Web Token", "{B5F422F7-84BB-465D-B9F6-EC913929F14E}"
EndProject
Project("{2150E333-8FDC-42A3-9474-1A3956D46DE8}") = "Video Visit", "Video Visit", "{E5943FBC-DE15-422A-8C3D-7413BC90D375}"
EndProject
Project("{2150E333-8FDC-42A3-9474-1A3956D46DE8}") = "Virtual Meeting Room", "Virtual Meeting Room", "{3A01B964-1281-4560-B5FA-7DFA26EA3B38}"
EndProject
Project("{FAE04EC0-301F-11D3-BF4B-00C04F79EFBC}") = "Ec.HealthShare.UnitTests", "..\..\Integration\Unit Tests\Ec.HealthShare.UnitTests\Ec.HealthShare.UnitTests.csproj", "{3281047C-4DAF-4680-9E75-1523C8085B76}"
EndProject
Project("{FAE04EC0-301F-11D3-BF4B-00C04F79EFBC}") = "Ec.Jwt.UnitTests", "..\..\Integration\Unit Tests\Ec.Jwt.UnitTests\Ec.Jwt.UnitTests.csproj", "{D7B882CB-EB31-4D85-8A15-CE1F1BC02208}"
EndProject
Project("{FAE04EC0-301F-11D3-BF4B-00C04F79EFBC}") = "Ec.Vmr.UnitTests", "..\..\Integration\Unit Tests\Ec.Vmr.UnitTests\Ec.Vmr.UnitTests.csproj", "{023968FB-0BBF-4139-AC20-95EE0C202D45}"
EndProject
Project("{FAE04EC0-301F-11D3-BF4B-00C04F79EFBC}") = "Ec.Vvs.UnitTests", "..\..\Integration\Unit Tests\Ec.Vvs.UnitTests\Ec.Vvs.UnitTests.csproj", "{0766508E-CD1D-490D-AD83-B7861AC74C7A}"
EndProject
Project("{FAE04EC0-301F-11D3-BF4B-00C04F79EFBC}") = "VA.TMP.CRM.Plugins.UnitTests", "VA.TMP.CRM.Plugins.UnitTests\VA.TMP.CRM.Plugins.UnitTests.csproj", "{BD6E55F6-FAD9-4A8A-9E7F-DE03BC29C1B9}"
EndProject
Project("{FAE04EC0-301F-11D3-BF4B-00C04F79EFBC}") = "VA.TMP.Integration.Plugins.UnitTests", "VA.TMP.Integration.Plugins.UnitTests\VA.TMP.Integration.Plugins.UnitTests.csproj", "{B9C55883-BB57-4D9E-8FDC-578D0A010651}"
EndProject
Project("{2150E333-8FDC-42A3-9474-1A3956D46DE8}") = "Integration", "Integration", "{EF889184-1884-49FE-91A5-40A9F40C06A3}"
EndProject
Project("{2150E333-8FDC-42A3-9474-1A3956D46DE8}") = "Common", "Common", "{0315EEDB-2E96-47E6-9A68-560EE5FE3AB6}"
EndProject
Project("{FAE04EC0-301F-11D3-BF4B-00C04F79EFBC}") = "VA.TMP.Integration.Certificate.Interface", "..\..\Integration\VA.TMP.Integration.Certificate.Interface\VA.TMP.Integration.Certificate.Interface.csproj", "{B9F763D8-467F-4035-986E-1F767B327442}"
EndProject
Project("{FAE04EC0-301F-11D3-BF4B-00C04F79EFBC}") = "VA.TMP.Integration.Core", "..\..\Integration\VA.TMP.Integration.Core\VA.TMP.Integration.Core.csproj", "{C8CD62E0-88EE-4F35-BC2C-816B2058BF2B}"
EndProject
Project("{FAE04EC0-301F-11D3-BF4B-00C04F79EFBC}") = "VA.TMP.Integration.Common", "..\..\Integration\VA.TMP.Integration.Common\VA.TMP.Integration.Common.csproj", "{A0E8519C-1F20-434E-A076-B1D708201CA8}"
EndProject
Project("{FAE04EC0-301F-11D3-BF4B-00C04F79EFBC}") = "VA.TMP.Integration.Core.Exceptions", "..\..\Integration\VA.TMP.Integration.Core.Exceptions\VA.TMP.Integration.Core.Exceptions.csproj", "{DE3C1B34-1991-4A67-B201-60EDC4E7C1E0}"
EndProject
Global
	GlobalSection(SolutionConfigurationPlatforms) = preSolution
		Debug|Any CPU = Debug|Any CPU
		Release|Any CPU = Release|Any CPU
	EndGlobalSection
	GlobalSection(ProjectConfigurationPlatforms) = postSolution
		{72556582-9F23-48A2-B35A-42F7C1811585}.Debug|Any CPU.ActiveCfg = Debug|Any CPU
		{72556582-9F23-48A2-B35A-42F7C1811585}.Debug|Any CPU.Build.0 = Debug|Any CPU
		{72556582-9F23-48A2-B35A-42F7C1811585}.Release|Any CPU.ActiveCfg = Release|Any CPU
		{72556582-9F23-48A2-B35A-42F7C1811585}.Release|Any CPU.Build.0 = Release|Any CPU
		{2EFE617C-E87C-4779-9078-BC8348891733}.Debug|Any CPU.ActiveCfg = Debug|Any CPU
		{2EFE617C-E87C-4779-9078-BC8348891733}.Debug|Any CPU.Build.0 = Debug|Any CPU
		{2EFE617C-E87C-4779-9078-BC8348891733}.Release|Any CPU.ActiveCfg = Release|Any CPU
		{2EFE617C-E87C-4779-9078-BC8348891733}.Release|Any CPU.Build.0 = Release|Any CPU
		{42A0D17A-2D32-4D43-A9B7-32B741A94258}.Debug|Any CPU.ActiveCfg = Debug|Any CPU
		{42A0D17A-2D32-4D43-A9B7-32B741A94258}.Debug|Any CPU.Build.0 = Debug|Any CPU
		{42A0D17A-2D32-4D43-A9B7-32B741A94258}.Release|Any CPU.ActiveCfg = Release|Any CPU
		{42A0D17A-2D32-4D43-A9B7-32B741A94258}.Release|Any CPU.Build.0 = Release|Any CPU
		{F382758F-687C-4FB3-A063-A2EDE4398CB4}.Debug|Any CPU.ActiveCfg = Debug|Any CPU
		{F382758F-687C-4FB3-A063-A2EDE4398CB4}.Debug|Any CPU.Build.0 = Debug|Any CPU
		{F382758F-687C-4FB3-A063-A2EDE4398CB4}.Release|Any CPU.ActiveCfg = Release|Any CPU
		{F382758F-687C-4FB3-A063-A2EDE4398CB4}.Release|Any CPU.Build.0 = Release|Any CPU
		{22050143-6BF2-485C-A875-B7A92D4D73CD}.Debug|Any CPU.ActiveCfg = Debug|Any CPU
		{22050143-6BF2-485C-A875-B7A92D4D73CD}.Debug|Any CPU.Build.0 = Debug|Any CPU
		{22050143-6BF2-485C-A875-B7A92D4D73CD}.Release|Any CPU.ActiveCfg = Release|Any CPU
		{22050143-6BF2-485C-A875-B7A92D4D73CD}.Release|Any CPU.Build.0 = Release|Any CPU
		{6B0812F9-EB95-4068-8827-E00564F891B3}.Debug|Any CPU.ActiveCfg = Debug|Any CPU
		{6B0812F9-EB95-4068-8827-E00564F891B3}.Debug|Any CPU.Build.0 = Debug|Any CPU
		{6B0812F9-EB95-4068-8827-E00564F891B3}.Release|Any CPU.ActiveCfg = Release|Any CPU
		{6B0812F9-EB95-4068-8827-E00564F891B3}.Release|Any CPU.Build.0 = Release|Any CPU
		{D08FDF9C-0C77-4896-898C-7FFBBAFAA57E}.Debug|Any CPU.ActiveCfg = Debug|Any CPU
		{D08FDF9C-0C77-4896-898C-7FFBBAFAA57E}.Debug|Any CPU.Build.0 = Debug|Any CPU
		{D08FDF9C-0C77-4896-898C-7FFBBAFAA57E}.Release|Any CPU.ActiveCfg = Release|Any CPU
		{D08FDF9C-0C77-4896-898C-7FFBBAFAA57E}.Release|Any CPU.Build.0 = Release|Any CPU
		{77B89ADC-DA7F-4A51-BC16-5336B2AD29C7}.Debug|Any CPU.ActiveCfg = Debug|Any CPU
		{77B89ADC-DA7F-4A51-BC16-5336B2AD29C7}.Debug|Any CPU.Build.0 = Debug|Any CPU
		{77B89ADC-DA7F-4A51-BC16-5336B2AD29C7}.Release|Any CPU.ActiveCfg = Release|Any CPU
		{77B89ADC-DA7F-4A51-BC16-5336B2AD29C7}.Release|Any CPU.Build.0 = Release|Any CPU
		{234AE3D1-B510-4793-A8BF-87F4038F6207}.Debug|Any CPU.ActiveCfg = Debug|Any CPU
		{234AE3D1-B510-4793-A8BF-87F4038F6207}.Debug|Any CPU.Build.0 = Debug|Any CPU
		{234AE3D1-B510-4793-A8BF-87F4038F6207}.Release|Any CPU.ActiveCfg = Release|Any CPU
		{234AE3D1-B510-4793-A8BF-87F4038F6207}.Release|Any CPU.Build.0 = Release|Any CPU
		{1C00238B-D1AE-4F61-B0B8-D8C8C5974EAC}.Debug|Any CPU.ActiveCfg = Debug|Any CPU
		{1C00238B-D1AE-4F61-B0B8-D8C8C5974EAC}.Debug|Any CPU.Build.0 = Debug|Any CPU
		{1C00238B-D1AE-4F61-B0B8-D8C8C5974EAC}.Release|Any CPU.ActiveCfg = Release|Any CPU
		{1C00238B-D1AE-4F61-B0B8-D8C8C5974EAC}.Release|Any CPU.Build.0 = Release|Any CPU
		{CA96678E-9370-4445-9154-6CA4349C42F1}.Debug|Any CPU.ActiveCfg = Debug|Any CPU
		{CA96678E-9370-4445-9154-6CA4349C42F1}.Debug|Any CPU.Build.0 = Debug|Any CPU
		{CA96678E-9370-4445-9154-6CA4349C42F1}.Release|Any CPU.ActiveCfg = Release|Any CPU
		{CA96678E-9370-4445-9154-6CA4349C42F1}.Release|Any CPU.Build.0 = Release|Any CPU
		{02A3DD27-B9A7-480E-B087-004DCB4FCF4E}.Debug|Any CPU.ActiveCfg = Debug|Any CPU
		{02A3DD27-B9A7-480E-B087-004DCB4FCF4E}.Debug|Any CPU.Build.0 = Debug|Any CPU
		{02A3DD27-B9A7-480E-B087-004DCB4FCF4E}.Release|Any CPU.ActiveCfg = Release|Any CPU
		{02A3DD27-B9A7-480E-B087-004DCB4FCF4E}.Release|Any CPU.Build.0 = Release|Any CPU
		{BF1DBA6F-9585-446A-8DAD-2759A2BEE166}.Debug|Any CPU.ActiveCfg = Debug|Any CPU
		{BF1DBA6F-9585-446A-8DAD-2759A2BEE166}.Debug|Any CPU.Build.0 = Debug|Any CPU
		{BF1DBA6F-9585-446A-8DAD-2759A2BEE166}.Release|Any CPU.ActiveCfg = Release|Any CPU
		{BF1DBA6F-9585-446A-8DAD-2759A2BEE166}.Release|Any CPU.Build.0 = Release|Any CPU
		{34B5D573-4F84-48CF-86FD-AB49D701EF95}.Debug|Any CPU.ActiveCfg = Debug|Any CPU
		{34B5D573-4F84-48CF-86FD-AB49D701EF95}.Debug|Any CPU.Build.0 = Debug|Any CPU
		{34B5D573-4F84-48CF-86FD-AB49D701EF95}.Release|Any CPU.ActiveCfg = Release|Any CPU
		{34B5D573-4F84-48CF-86FD-AB49D701EF95}.Release|Any CPU.Build.0 = Release|Any CPU
		{43FFB4DF-BE94-47CC-B292-84043FF16BCD}.Debug|Any CPU.ActiveCfg = Debug|Any CPU
		{43FFB4DF-BE94-47CC-B292-84043FF16BCD}.Debug|Any CPU.Build.0 = Debug|Any CPU
		{43FFB4DF-BE94-47CC-B292-84043FF16BCD}.Release|Any CPU.ActiveCfg = Release|Any CPU
		{43FFB4DF-BE94-47CC-B292-84043FF16BCD}.Release|Any CPU.Build.0 = Release|Any CPU
		{B014CF6E-6C00-4952-B894-3CB36DE9357F}.Debug|Any CPU.ActiveCfg = Debug|Any CPU
		{B014CF6E-6C00-4952-B894-3CB36DE9357F}.Debug|Any CPU.Build.0 = Debug|Any CPU
		{B014CF6E-6C00-4952-B894-3CB36DE9357F}.Release|Any CPU.ActiveCfg = Release|Any CPU
		{B014CF6E-6C00-4952-B894-3CB36DE9357F}.Release|Any CPU.Build.0 = Release|Any CPU
		{2C2014E6-C960-457C-BC18-B676DC43A5CB}.Debug|Any CPU.ActiveCfg = Debug|Any CPU
		{2C2014E6-C960-457C-BC18-B676DC43A5CB}.Debug|Any CPU.Build.0 = Debug|Any CPU
		{2C2014E6-C960-457C-BC18-B676DC43A5CB}.Release|Any CPU.ActiveCfg = Release|Any CPU
		{2C2014E6-C960-457C-BC18-B676DC43A5CB}.Release|Any CPU.Build.0 = Release|Any CPU
		{4BBC4D9F-1DC1-4671-AE32-793735D9798A}.Debug|Any CPU.ActiveCfg = Debug|Any CPU
		{4BBC4D9F-1DC1-4671-AE32-793735D9798A}.Debug|Any CPU.Build.0 = Debug|Any CPU
		{4BBC4D9F-1DC1-4671-AE32-793735D9798A}.Release|Any CPU.ActiveCfg = Release|Any CPU
		{4BBC4D9F-1DC1-4671-AE32-793735D9798A}.Release|Any CPU.Build.0 = Release|Any CPU
		{3281047C-4DAF-4680-9E75-1523C8085B76}.Debug|Any CPU.ActiveCfg = Debug|Any CPU
		{3281047C-4DAF-4680-9E75-1523C8085B76}.Debug|Any CPU.Build.0 = Debug|Any CPU
		{3281047C-4DAF-4680-9E75-1523C8085B76}.Release|Any CPU.ActiveCfg = Release|Any CPU
		{3281047C-4DAF-4680-9E75-1523C8085B76}.Release|Any CPU.Build.0 = Release|Any CPU
		{D7B882CB-EB31-4D85-8A15-CE1F1BC02208}.Debug|Any CPU.ActiveCfg = Debug|Any CPU
		{D7B882CB-EB31-4D85-8A15-CE1F1BC02208}.Debug|Any CPU.Build.0 = Debug|Any CPU
		{D7B882CB-EB31-4D85-8A15-CE1F1BC02208}.Release|Any CPU.ActiveCfg = Release|Any CPU
		{D7B882CB-EB31-4D85-8A15-CE1F1BC02208}.Release|Any CPU.Build.0 = Release|Any CPU
		{023968FB-0BBF-4139-AC20-95EE0C202D45}.Debug|Any CPU.ActiveCfg = Debug|Any CPU
		{023968FB-0BBF-4139-AC20-95EE0C202D45}.Debug|Any CPU.Build.0 = Debug|Any CPU
		{023968FB-0BBF-4139-AC20-95EE0C202D45}.Release|Any CPU.ActiveCfg = Release|Any CPU
		{023968FB-0BBF-4139-AC20-95EE0C202D45}.Release|Any CPU.Build.0 = Release|Any CPU
		{0766508E-CD1D-490D-AD83-B7861AC74C7A}.Debug|Any CPU.ActiveCfg = Debug|Any CPU
		{0766508E-CD1D-490D-AD83-B7861AC74C7A}.Debug|Any CPU.Build.0 = Debug|Any CPU
		{0766508E-CD1D-490D-AD83-B7861AC74C7A}.Release|Any CPU.ActiveCfg = Release|Any CPU
		{0766508E-CD1D-490D-AD83-B7861AC74C7A}.Release|Any CPU.Build.0 = Release|Any CPU
		{BD6E55F6-FAD9-4A8A-9E7F-DE03BC29C1B9}.Debug|Any CPU.ActiveCfg = Debug|Any CPU
		{BD6E55F6-FAD9-4A8A-9E7F-DE03BC29C1B9}.Debug|Any CPU.Build.0 = Debug|Any CPU
		{BD6E55F6-FAD9-4A8A-9E7F-DE03BC29C1B9}.Release|Any CPU.ActiveCfg = Release|Any CPU
		{BD6E55F6-FAD9-4A8A-9E7F-DE03BC29C1B9}.Release|Any CPU.Build.0 = Release|Any CPU
		{B9C55883-BB57-4D9E-8FDC-578D0A010651}.Debug|Any CPU.ActiveCfg = Debug|Any CPU
		{B9C55883-BB57-4D9E-8FDC-578D0A010651}.Debug|Any CPU.Build.0 = Debug|Any CPU
		{B9C55883-BB57-4D9E-8FDC-578D0A010651}.Release|Any CPU.ActiveCfg = Release|Any CPU
		{B9C55883-BB57-4D9E-8FDC-578D0A010651}.Release|Any CPU.Build.0 = Release|Any CPU
		{B9F763D8-467F-4035-986E-1F767B327442}.Debug|Any CPU.ActiveCfg = Debug|Any CPU
		{B9F763D8-467F-4035-986E-1F767B327442}.Debug|Any CPU.Build.0 = Debug|Any CPU
		{B9F763D8-467F-4035-986E-1F767B327442}.Release|Any CPU.ActiveCfg = Release|Any CPU
		{B9F763D8-467F-4035-986E-1F767B327442}.Release|Any CPU.Build.0 = Release|Any CPU
		{C8CD62E0-88EE-4F35-BC2C-816B2058BF2B}.Debug|Any CPU.ActiveCfg = Debug|Any CPU
		{C8CD62E0-88EE-4F35-BC2C-816B2058BF2B}.Debug|Any CPU.Build.0 = Debug|Any CPU
		{C8CD62E0-88EE-4F35-BC2C-816B2058BF2B}.Release|Any CPU.ActiveCfg = Release|Any CPU
		{C8CD62E0-88EE-4F35-BC2C-816B2058BF2B}.Release|Any CPU.Build.0 = Release|Any CPU
		{A0E8519C-1F20-434E-A076-B1D708201CA8}.Debug|Any CPU.ActiveCfg = Debug|Any CPU
		{A0E8519C-1F20-434E-A076-B1D708201CA8}.Debug|Any CPU.Build.0 = Debug|Any CPU
		{A0E8519C-1F20-434E-A076-B1D708201CA8}.Release|Any CPU.ActiveCfg = Release|Any CPU
		{A0E8519C-1F20-434E-A076-B1D708201CA8}.Release|Any CPU.Build.0 = Release|Any CPU
		{DE3C1B34-1991-4A67-B201-60EDC4E7C1E0}.Debug|Any CPU.ActiveCfg = Debug|Any CPU
		{DE3C1B34-1991-4A67-B201-60EDC4E7C1E0}.Debug|Any CPU.Build.0 = Debug|Any CPU
		{DE3C1B34-1991-4A67-B201-60EDC4E7C1E0}.Release|Any CPU.ActiveCfg = Release|Any CPU
		{DE3C1B34-1991-4A67-B201-60EDC4E7C1E0}.Release|Any CPU.Build.0 = Release|Any CPU
	EndGlobalSection
	GlobalSection(SolutionProperties) = preSolution
		HideSolutionNode = FALSE
	EndGlobalSection
	GlobalSection(NestedProjects) = preSolution
		{AB6DD196-45F2-406C-B53E-F0C5B08E088F} = {A710C38A-85FD-407F-AFF1-1E4F2C80F3BB}
		{4B6E2344-4B41-48B9-A3E8-9F5CE3145626} = {AB6DD196-45F2-406C-B53E-F0C5B08E088F}
		{15A43A50-D9E9-4DE8-815E-9C5CAB305F0A} = {AB6DD196-45F2-406C-B53E-F0C5B08E088F}
		{3DA24D03-079F-4C32-888E-CC39993DF80D} = {AB6DD196-45F2-406C-B53E-F0C5B08E088F}
		{7AE8EB0A-CF1A-4650-84AE-62A7D1177810} = {AB6DD196-45F2-406C-B53E-F0C5B08E088F}
		{93C85FF7-4B89-4827-B2D1-31E149A62463} = {B3B05756-04E0-4A36-9505-85831F078AE7}
		{ED6D8928-AE5A-4299-BB21-46FF712583F8} = {B3B05756-04E0-4A36-9505-85831F078AE7}
		{A0D71C31-621B-418A-BAD2-929F5EAFD579} = {EF889184-1884-49FE-91A5-40A9F40C06A3}
		{F6068785-37EE-43AE-B8C1-C587CD069F14} = {FBA85598-50C6-4733-A7E1-9F159A46063C}
		{4A49F8CE-A27D-46C0-8AE6-C2B4EA7EF90D} = {F6068785-37EE-43AE-B8C1-C587CD069F14}
		{7E3FA4AA-F11E-4B1D-84CE-BBC3F70863F4} = {F6068785-37EE-43AE-B8C1-C587CD069F14}
		{72556582-9F23-48A2-B35A-42F7C1811585} = {4B6E2344-4B41-48B9-A3E8-9F5CE3145626}
		{2EFE617C-E87C-4779-9078-BC8348891733} = {4B6E2344-4B41-48B9-A3E8-9F5CE3145626}
		{42A0D17A-2D32-4D43-A9B7-32B741A94258} = {4B6E2344-4B41-48B9-A3E8-9F5CE3145626}
		{F382758F-687C-4FB3-A063-A2EDE4398CB4} = {4B6E2344-4B41-48B9-A3E8-9F5CE3145626}
		{22050143-6BF2-485C-A875-B7A92D4D73CD} = {15A43A50-D9E9-4DE8-815E-9C5CAB305F0A}
		{6B0812F9-EB95-4068-8827-E00564F891B3} = {15A43A50-D9E9-4DE8-815E-9C5CAB305F0A}
		{D08FDF9C-0C77-4896-898C-7FFBBAFAA57E} = {15A43A50-D9E9-4DE8-815E-9C5CAB305F0A}
		{77B89ADC-DA7F-4A51-BC16-5336B2AD29C7} = {15A43A50-D9E9-4DE8-815E-9C5CAB305F0A}
		{234AE3D1-B510-4793-A8BF-87F4038F6207} = {3DA24D03-079F-4C32-888E-CC39993DF80D}
		{1C00238B-D1AE-4F61-B0B8-D8C8C5974EAC} = {3DA24D03-079F-4C32-888E-CC39993DF80D}
		{CA96678E-9370-4445-9154-6CA4349C42F1} = {3DA24D03-079F-4C32-888E-CC39993DF80D}
		{02A3DD27-B9A7-480E-B087-004DCB4FCF4E} = {3DA24D03-079F-4C32-888E-CC39993DF80D}
		{BF1DBA6F-9585-446A-8DAD-2759A2BEE166} = {7AE8EB0A-CF1A-4650-84AE-62A7D1177810}
		{34B5D573-4F84-48CF-86FD-AB49D701EF95} = {7AE8EB0A-CF1A-4650-84AE-62A7D1177810}
		{43FFB4DF-BE94-47CC-B292-84043FF16BCD} = {7AE8EB0A-CF1A-4650-84AE-62A7D1177810}
		{B014CF6E-6C00-4952-B894-3CB36DE9357F} = {7AE8EB0A-CF1A-4650-84AE-62A7D1177810}
		{2C2014E6-C960-457C-BC18-B676DC43A5CB} = {93C85FF7-4B89-4827-B2D1-31E149A62463}
		{4BBC4D9F-1DC1-4671-AE32-793735D9798A} = {ED6D8928-AE5A-4299-BB21-46FF712583F8}
		{905ED867-785A-4073-9AB6-3418CE35BEAD} = {A0D71C31-621B-418A-BAD2-929F5EAFD579}
		{B5F422F7-84BB-465D-B9F6-EC913929F14E} = {A0D71C31-621B-418A-BAD2-929F5EAFD579}
		{E5943FBC-DE15-422A-8C3D-7413BC90D375} = {A0D71C31-621B-418A-BAD2-929F5EAFD579}
		{3A01B964-1281-4560-B5FA-7DFA26EA3B38} = {A0D71C31-621B-418A-BAD2-929F5EAFD579}
		{3281047C-4DAF-4680-9E75-1523C8085B76} = {905ED867-785A-4073-9AB6-3418CE35BEAD}
		{D7B882CB-EB31-4D85-8A15-CE1F1BC02208} = {B5F422F7-84BB-465D-B9F6-EC913929F14E}
		{023968FB-0BBF-4139-AC20-95EE0C202D45} = {3A01B964-1281-4560-B5FA-7DFA26EA3B38}
		{0766508E-CD1D-490D-AD83-B7861AC74C7A} = {E5943FBC-DE15-422A-8C3D-7413BC90D375}
		{BD6E55F6-FAD9-4A8A-9E7F-DE03BC29C1B9} = {4A49F8CE-A27D-46C0-8AE6-C2B4EA7EF90D}
		{B9C55883-BB57-4D9E-8FDC-578D0A010651} = {7E3FA4AA-F11E-4B1D-84CE-BBC3F70863F4}
		{EF889184-1884-49FE-91A5-40A9F40C06A3} = {FBA85598-50C6-4733-A7E1-9F159A46063C}
		{0315EEDB-2E96-47E6-9A68-560EE5FE3AB6} = {A710C38A-85FD-407F-AFF1-1E4F2C80F3BB}
		{B9F763D8-467F-4035-986E-1F767B327442} = {0315EEDB-2E96-47E6-9A68-560EE5FE3AB6}
		{C8CD62E0-88EE-4F35-BC2C-816B2058BF2B} = {0315EEDB-2E96-47E6-9A68-560EE5FE3AB6}
		{A0E8519C-1F20-434E-A076-B1D708201CA8} = {0315EEDB-2E96-47E6-9A68-560EE5FE3AB6}
		{DE3C1B34-1991-4A67-B201-60EDC4E7C1E0} = {0315EEDB-2E96-47E6-9A68-560EE5FE3AB6}
	EndGlobalSection
	GlobalSection(ExtensibilityGlobals) = postSolution
		SolutionGuid = {D0EF9E4C-60DA-4470-9D00-FC8E3E4D33F7}
	EndGlobalSection
EndGlobal
